
Microsoft Visual Studio Solution File, Format Version 12.00
# Visual Studio Version 17
VisualStudioVersion = 17.6.33815.320
MinimumVisualStudioVersion = 10.0.40219.1
Project("{FAE04EC0-301F-11D3-BF4B-00C04F79EFBC}") = "DoAppWorkingwithText", "DoAppWorkingwithText\DoAppWorkingwithText.csproj", "{2742045C-1585-4769-B8BE-E22B6A3D3AFA}"
EndProject
Global
	GlobalSection(SolutionConfigurationPlatforms) = preSolution
		Debug|Any CPU = Debug|Any CPU
		Release|Any CPU = Release|Any CPU
	EndGlobalSection
	GlobalSection(ProjectConfigurationPlatforms) = postSolution
		{2742045C-1585-4769-B8BE-E22B6A3D3AFA}.Debug|Any CPU.ActiveCfg = Debug|Any CPU
		{2742045C-1585-4769-B8BE-E22B6A3D3AFA}.Debug|Any CPU.Build.0 = Debug|Any CPU
		{2742045C-1585-4769-B8BE-E22B6A3D3AFA}.Release|Any CPU.ActiveCfg = Release|Any CPU
		{2742045C-1585-4769-B8BE-E22B6A3D3AFA}.Release|Any CPU.Build.0 = Release|Any CPU
	EndGlobalSection
	GlobalSection(SolutionProperties) = preSolution
		HideSolutionNode = FALSE
	EndGlobalSection
	GlobalSection(ExtensibilityGlobals) = postSolution
		SolutionGuid = {1EC33D52-8BB6-41AC-AC2F-441264A2B23A}
	EndGlobalSection
EndGlobal
