
Microsoft Visual Studio Solution File, Format Version 12.00
# Visual Studio Version 17
VisualStudioVersion = 17.6.33815.320
MinimumVisualStudioVersion = 10.0.40219.1
Project("{FAE04EC0-301F-11D3-BF4B-00C04F79EFBC}") = "DoAppHandlingDates", "DoAppHandlingDates\DoAppHandlingDates.csproj", "{F61476A3-FB6F-4710-8AB7-19EAD107A10C}"
EndProject
Global
	GlobalSection(SolutionConfigurationPlatforms) = preSolution
		Debug|Any CPU = Debug|Any CPU
		Release|Any CPU = Release|Any CPU
	EndGlobalSection
	GlobalSection(ProjectConfigurationPlatforms) = postSolution
		{F61476A3-FB6F-4710-8AB7-19EAD107A10C}.Debug|Any CPU.ActiveCfg = Debug|Any CPU
		{F61476A3-FB6F-4710-8AB7-19EAD107A10C}.Debug|Any CPU.Build.0 = Debug|Any CPU
		{F61476A3-FB6F-4710-8AB7-19EAD107A10C}.Release|Any CPU.ActiveCfg = Release|Any CPU
		{F61476A3-FB6F-4710-8AB7-19EAD107A10C}.Release|Any CPU.Build.0 = Release|Any CPU
	EndGlobalSection
	GlobalSection(SolutionProperties) = preSolution
		HideSolutionNode = FALSE
	EndGlobalSection
	GlobalSection(ExtensibilityGlobals) = postSolution
		SolutionGuid = {8E093F06-7874-4810-B929-7C21E73CFB95}
	EndGlobalSection
EndGlobal
